
Microsoft Visual Studio Solution File, Format Version 12.00
# Visual Studio Version 16
VisualStudioVersion = 16.0.31019.35
MinimumVisualStudioVersion = 10.0.40219.1
Project("{FAE04EC0-301F-11D3-BF4B-00C04F79EFBC}") = "AplikasiSelamatDatang", "AplikasiSelamatDatang\AplikasiSelamatDatang.csproj", "{53F42DB3-B68C-4014-B29B-B884D01530CF}"
EndProject
Global
	GlobalSection(SolutionConfigurationPlatforms) = preSolution
		Debug|Any CPU = Debug|Any CPU
		Release|Any CPU = Release|Any CPU
	EndGlobalSection
	GlobalSection(ProjectConfigurationPlatforms) = postSolution
		{53F42DB3-B68C-4014-B29B-B884D01530CF}.Debug|Any CPU.ActiveCfg = Debug|Any CPU
		{53F42DB3-B68C-4014-B29B-B884D01530CF}.Debug|Any CPU.Build.0 = Debug|Any CPU
		{53F42DB3-B68C-4014-B29B-B884D01530CF}.Release|Any CPU.ActiveCfg = Release|Any CPU
		{53F42DB3-B68C-4014-B29B-B884D01530CF}.Release|Any CPU.Build.0 = Release|Any CPU
	EndGlobalSection
	GlobalSection(SolutionProperties) = preSolution
		HideSolutionNode = FALSE
	EndGlobalSection
	GlobalSection(ExtensibilityGlobals) = postSolution
		SolutionGuid = {75C30D1E-A66B-48DB-BC4A-AA7E2099D09B}
	EndGlobalSection
EndGlobal
